
Microsoft Visual Studio Solution File, Format Version 12.00
# Visual Studio Version 16
VisualStudioVersion = 16.0.30523.141
MinimumVisualStudioVersion = 10.0.40219.1
Project("{FAE04EC0-301F-11D3-BF4B-00C04F79EFBC}") = "SaleWebApiEF", "SaleWebApiEF\SaleWebApiEF.csproj", "{44B12647-5B37-4A99-9F65-E4B2864CBC79}"
EndProject
Global
	GlobalSection(SolutionConfigurationPlatforms) = preSolution
		Debug|Any CPU = Debug|Any CPU
		Release|Any CPU = Release|Any CPU
	EndGlobalSection
	GlobalSection(ProjectConfigurationPlatforms) = postSolution
		{44B12647-5B37-4A99-9F65-E4B2864CBC79}.Debug|Any CPU.ActiveCfg = Debug|Any CPU
		{44B12647-5B37-4A99-9F65-E4B2864CBC79}.Debug|Any CPU.Build.0 = Debug|Any CPU
		{44B12647-5B37-4A99-9F65-E4B2864CBC79}.Release|Any CPU.ActiveCfg = Release|Any CPU
		{44B12647-5B37-4A99-9F65-E4B2864CBC79}.Release|Any CPU.Build.0 = Release|Any CPU
	EndGlobalSection
	GlobalSection(SolutionProperties) = preSolution
		HideSolutionNode = FALSE
	EndGlobalSection
	GlobalSection(ExtensibilityGlobals) = postSolution
		SolutionGuid = {F7DDF75B-A88C-4874-B7C2-66B2E2CF7B9F}
	EndGlobalSection
EndGlobal
